
Microsoft Visual Studio Solution File, Format Version 12.00
# Visual Studio 15
VisualStudioVersion = 15.0.27703.2042
MinimumVisualStudioVersion = 10.0.40219.1
Project("{8BC9CEB8-8B4A-11D0-8D11-00A0C91BC942}") = "GalenOpenGL", "GalenOpenGL\GalenOpenGL.vcxproj", "{5161F2FC-6E86-4374-B4B5-401322D6A568}"
EndProject
Project("{8BC9CEB8-8B4A-11D0-8D11-00A0C91BC942}") = "SanboxOpenGL", "SanboxOpenGL\SanboxOpenGL.vcxproj", "{4DD0EA7C-BE70-4107-BBA8-3B29F29934AF}"
EndProject
Project("{2150E333-8FDC-42A3-9474-1A3956D46DE8}") = "vendors", "vendors", "{2BCF0B0F-DB7C-4A9A-B71B-EEF311C0D171}"
EndProject
Project("{2150E333-8FDC-42A3-9474-1A3956D46DE8}") = "glfw", "glfw", "{2EA8384B-98D6-4F9C-B5DA-19F65D82E6DD}"
EndProject
Project("{2150E333-8FDC-42A3-9474-1A3956D46DE8}") = "glew", "glew", "{DF04C24D-B812-4EF7-B065-AD5A5EF9196A}"
EndProject
Project("{8BC9CEB8-8B4A-11D0-8D11-00A0C91BC942}") = "glfw", "vendors\glfw\x64\src\glfw.vcxproj", "{89DAE6FE-1F28-3205-A9C9-B7B66B766D9A}"
EndProject
Project("{2150E333-8FDC-42A3-9474-1A3956D46DE8}") = "x64", "x64", "{807F9AC6-9C22-494F-BF98-FF6D68C0E46E}"
EndProject
Project("{2150E333-8FDC-42A3-9474-1A3956D46DE8}") = "x86", "x86", "{7D20FF27-CA27-4E3D-891F-F4774B16D998}"
EndProject
Project("{8BC9CEB8-8B4A-11D0-8D11-00A0C91BC942}") = "glfw", "vendors\glfw\x86\src\glfw.vcxproj", "{37176930-1BEF-3524-A459-0C7BF69CAEC2}"
EndProject
Project("{8BC9CEB8-8B4A-11D0-8D11-00A0C91BC942}") = "OpenGLTest", "OpenGLTest\OpenGLTest.vcxproj", "{CF6EA398-D90C-468F-9C9E-C44E3EFD8A5A}"
EndProject
Project("{2150E333-8FDC-42A3-9474-1A3956D46DE8}") = "logger", "logger", "{A84362C2-1304-4C64-B0BE-16BCFB4143A6}"
EndProject
Project("{8BC9CEB8-8B4A-11D0-8D11-00A0C91BC942}") = "logger", "logger\logger\logger.vcxproj", "{C53214B9-EEE2-4416-ABC0-92AE8571A62E}"
EndProject
Project("{8BC9CEB8-8B4A-11D0-8D11-00A0C91BC942}") = "glew_static", "vendors\glew\build\vc15\glew_static.vcxproj", "{664E6F0D-6784-4760-9565-D54F8EB1EDF4}"
EndProject
Project("{8BC9CEB8-8B4A-11D0-8D11-00A0C91BC942}") = "glew_shared", "vendors\glew\build\vc15\glew_shared.vcxproj", "{55AE3D72-7DE6-F19F-AEF2-9AE8CA26CF3D}"
EndProject
Global
	GlobalSection(SolutionConfigurationPlatforms) = preSolution
		Debug|x64 = Debug|x64
		Debug|x86 = Debug|x86
		MinSizeRel|x64 = MinSizeRel|x64
		MinSizeRel|x86 = MinSizeRel|x86
		Release|x64 = Release|x64
		Release|x86 = Release|x86
		RelWithDebInfo|x64 = RelWithDebInfo|x64
		RelWithDebInfo|x86 = RelWithDebInfo|x86
	EndGlobalSection
	GlobalSection(ProjectConfigurationPlatforms) = postSolution
		{5161F2FC-6E86-4374-B4B5-401322D6A568}.Debug|x64.ActiveCfg = Debug|x64
		{5161F2FC-6E86-4374-B4B5-401322D6A568}.Debug|x64.Build.0 = Debug|x64
		{5161F2FC-6E86-4374-B4B5-401322D6A568}.Debug|x86.ActiveCfg = Debug|Win32
		{5161F2FC-6E86-4374-B4B5-401322D6A568}.Debug|x86.Build.0 = Debug|Win32
		{5161F2FC-6E86-4374-B4B5-401322D6A568}.MinSizeRel|x64.ActiveCfg = Release|x64
		{5161F2FC-6E86-4374-B4B5-401322D6A568}.MinSizeRel|x64.Build.0 = Release|x64
		{5161F2FC-6E86-4374-B4B5-401322D6A568}.MinSizeRel|x86.ActiveCfg = Release|Win32
		{5161F2FC-6E86-4374-B4B5-401322D6A568}.MinSizeRel|x86.Build.0 = Release|Win32
		{5161F2FC-6E86-4374-B4B5-401322D6A568}.Release|x64.ActiveCfg = Release|x64
		{5161F2FC-6E86-4374-B4B5-401322D6A568}.Release|x64.Build.0 = Release|x64
		{5161F2FC-6E86-4374-B4B5-401322D6A568}.Release|x86.ActiveCfg = Release|Win32
		{5161F2FC-6E86-4374-B4B5-401322D6A568}.Release|x86.Build.0 = Release|Win32
		{5161F2FC-6E86-4374-B4B5-401322D6A568}.RelWithDebInfo|x64.ActiveCfg = Release|x64
		{5161F2FC-6E86-4374-B4B5-401322D6A568}.RelWithDebInfo|x64.Build.0 = Release|x64
		{5161F2FC-6E86-4374-B4B5-401322D6A568}.RelWithDebInfo|x86.ActiveCfg = Release|Win32
		{5161F2FC-6E86-4374-B4B5-401322D6A568}.RelWithDebInfo|x86.Build.0 = Release|Win32
		{4DD0EA7C-BE70-4107-BBA8-3B29F29934AF}.Debug|x64.ActiveCfg = Debug|x64
		{4DD0EA7C-BE70-4107-BBA8-3B29F29934AF}.Debug|x64.Build.0 = Debug|x64
		{4DD0EA7C-BE70-4107-BBA8-3B29F29934AF}.Debug|x86.ActiveCfg = Debug|Win32
		{4DD0EA7C-BE70-4107-BBA8-3B29F29934AF}.Debug|x86.Build.0 = Debug|Win32
		{4DD0EA7C-BE70-4107-BBA8-3B29F29934AF}.MinSizeRel|x64.ActiveCfg = Release|x64
		{4DD0EA7C-BE70-4107-BBA8-3B29F29934AF}.MinSizeRel|x64.Build.0 = Release|x64
		{4DD0EA7C-BE70-4107-BBA8-3B29F29934AF}.MinSizeRel|x86.ActiveCfg = Release|Win32
		{4DD0EA7C-BE70-4107-BBA8-3B29F29934AF}.MinSizeRel|x86.Build.0 = Release|Win32
		{4DD0EA7C-BE70-4107-BBA8-3B29F29934AF}.Release|x64.ActiveCfg = Release|x64
		{4DD0EA7C-BE70-4107-BBA8-3B29F29934AF}.Release|x64.Build.0 = Release|x64
		{4DD0EA7C-BE70-4107-BBA8-3B29F29934AF}.Release|x86.ActiveCfg = Release|Win32
		{4DD0EA7C-BE70-4107-BBA8-3B29F29934AF}.Release|x86.Build.0 = Release|Win32
		{4DD0EA7C-BE70-4107-BBA8-3B29F29934AF}.RelWithDebInfo|x64.ActiveCfg = Release|x64
		{4DD0EA7C-BE70-4107-BBA8-3B29F29934AF}.RelWithDebInfo|x64.Build.0 = Release|x64
		{4DD0EA7C-BE70-4107-BBA8-3B29F29934AF}.RelWithDebInfo|x86.ActiveCfg = Release|Win32
		{4DD0EA7C-BE70-4107-BBA8-3B29F29934AF}.RelWithDebInfo|x86.Build.0 = Release|Win32
		{89DAE6FE-1F28-3205-A9C9-B7B66B766D9A}.Debug|x64.ActiveCfg = Debug|x64
		{89DAE6FE-1F28-3205-A9C9-B7B66B766D9A}.Debug|x64.Build.0 = Debug|x64
		{89DAE6FE-1F28-3205-A9C9-B7B66B766D9A}.Debug|x86.ActiveCfg = Debug|x64
		{89DAE6FE-1F28-3205-A9C9-B7B66B766D9A}.MinSizeRel|x64.ActiveCfg = MinSizeRel|x64
		{89DAE6FE-1F28-3205-A9C9-B7B66B766D9A}.MinSizeRel|x64.Build.0 = MinSizeRel|x64
		{89DAE6FE-1F28-3205-A9C9-B7B66B766D9A}.MinSizeRel|x86.ActiveCfg = MinSizeRel|x64
		{89DAE6FE-1F28-3205-A9C9-B7B66B766D9A}.Release|x64.ActiveCfg = Release|x64
		{89DAE6FE-1F28-3205-A9C9-B7B66B766D9A}.Release|x64.Build.0 = Release|x64
		{89DAE6FE-1F28-3205-A9C9-B7B66B766D9A}.Release|x86.ActiveCfg = Release|x64
		{89DAE6FE-1F28-3205-A9C9-B7B66B766D9A}.RelWithDebInfo|x64.ActiveCfg = RelWithDebInfo|x64
		{89DAE6FE-1F28-3205-A9C9-B7B66B766D9A}.RelWithDebInfo|x64.Build.0 = RelWithDebInfo|x64
		{89DAE6FE-1F28-3205-A9C9-B7B66B766D9A}.RelWithDebInfo|x86.ActiveCfg = RelWithDebInfo|x64
		{37176930-1BEF-3524-A459-0C7BF69CAEC2}.Debug|x64.ActiveCfg = Debug|Win32
		{37176930-1BEF-3524-A459-0C7BF69CAEC2}.Debug|x86.ActiveCfg = Debug|Win32
		{37176930-1BEF-3524-A459-0C7BF69CAEC2}.Debug|x86.Build.0 = Debug|Win32
		{37176930-1BEF-3524-A459-0C7BF69CAEC2}.MinSizeRel|x64.ActiveCfg = MinSizeRel|Win32
		{37176930-1BEF-3524-A459-0C7BF69CAEC2}.MinSizeRel|x86.ActiveCfg = MinSizeRel|Win32
		{37176930-1BEF-3524-A459-0C7BF69CAEC2}.MinSizeRel|x86.Build.0 = MinSizeRel|Win32
		{37176930-1BEF-3524-A459-0C7BF69CAEC2}.Release|x64.ActiveCfg = Release|Win32
		{37176930-1BEF-3524-A459-0C7BF69CAEC2}.Release|x86.ActiveCfg = Release|Win32
		{37176930-1BEF-3524-A459-0C7BF69CAEC2}.Release|x86.Build.0 = Release|Win32
		{37176930-1BEF-3524-A459-0C7BF69CAEC2}.RelWithDebInfo|x64.ActiveCfg = RelWithDebInfo|Win32
		{37176930-1BEF-3524-A459-0C7BF69CAEC2}.RelWithDebInfo|x86.ActiveCfg = RelWithDebInfo|Win32
		{37176930-1BEF-3524-A459-0C7BF69CAEC2}.RelWithDebInfo|x86.Build.0 = RelWithDebInfo|Win32
		{CF6EA398-D90C-468F-9C9E-C44E3EFD8A5A}.Debug|x64.ActiveCfg = Debug|x64
		{CF6EA398-D90C-468F-9C9E-C44E3EFD8A5A}.Debug|x64.Build.0 = Debug|x64
		{CF6EA398-D90C-468F-9C9E-C44E3EFD8A5A}.Debug|x86.ActiveCfg = Debug|Win32
		{CF6EA398-D90C-468F-9C9E-C44E3EFD8A5A}.Debug|x86.Build.0 = Debug|Win32
		{CF6EA398-D90C-468F-9C9E-C44E3EFD8A5A}.MinSizeRel|x64.ActiveCfg = Release|x64
		{CF6EA398-D90C-468F-9C9E-C44E3EFD8A5A}.MinSizeRel|x64.Build.0 = Release|x64
		{CF6EA398-D90C-468F-9C9E-C44E3EFD8A5A}.MinSizeRel|x86.ActiveCfg = Release|Win32
		{CF6EA398-D90C-468F-9C9E-C44E3EFD8A5A}.MinSizeRel|x86.Build.0 = Release|Win32
		{CF6EA398-D90C-468F-9C9E-C44E3EFD8A5A}.Release|x64.ActiveCfg = Release|x64
		{CF6EA398-D90C-468F-9C9E-C44E3EFD8A5A}.Release|x64.Build.0 = Release|x64
		{CF6EA398-D90C-468F-9C9E-C44E3EFD8A5A}.Release|x86.ActiveCfg = Release|Win32
		{CF6EA398-D90C-468F-9C9E-C44E3EFD8A5A}.Release|x86.Build.0 = Release|Win32
		{CF6EA398-D90C-468F-9C9E-C44E3EFD8A5A}.RelWithDebInfo|x64.ActiveCfg = Release|x64
		{CF6EA398-D90C-468F-9C9E-C44E3EFD8A5A}.RelWithDebInfo|x64.Build.0 = Release|x64
		{CF6EA398-D90C-468F-9C9E-C44E3EFD8A5A}.RelWithDebInfo|x86.ActiveCfg = Release|Win32
		{CF6EA398-D90C-468F-9C9E-C44E3EFD8A5A}.RelWithDebInfo|x86.Build.0 = Release|Win32
		{C53214B9-EEE2-4416-ABC0-92AE8571A62E}.Debug|x64.ActiveCfg = Debug|x64
		{C53214B9-EEE2-4416-ABC0-92AE8571A62E}.Debug|x64.Build.0 = Debug|x64
		{C53214B9-EEE2-4416-ABC0-92AE8571A62E}.Debug|x86.ActiveCfg = Debug|Win32
		{C53214B9-EEE2-4416-ABC0-92AE8571A62E}.Debug|x86.Build.0 = Debug|Win32
		{C53214B9-EEE2-4416-ABC0-92AE8571A62E}.MinSizeRel|x64.ActiveCfg = Release|x64
		{C53214B9-EEE2-4416-ABC0-92AE8571A62E}.MinSizeRel|x64.Build.0 = Release|x64
		{C53214B9-EEE2-4416-ABC0-92AE8571A62E}.MinSizeRel|x86.ActiveCfg = Release|Win32
		{C53214B9-EEE2-4416-ABC0-92AE8571A62E}.MinSizeRel|x86.Build.0 = Release|Win32
		{C53214B9-EEE2-4416-ABC0-92AE8571A62E}.Release|x64.ActiveCfg = Release|x64
		{C53214B9-EEE2-4416-ABC0-92AE8571A62E}.Release|x64.Build.0 = Release|x64
		{C53214B9-EEE2-4416-ABC0-92AE8571A62E}.Release|x86.ActiveCfg = Release|Win32
		{C53214B9-EEE2-4416-ABC0-92AE8571A62E}.Release|x86.Build.0 = Release|Win32
		{C53214B9-EEE2-4416-ABC0-92AE8571A62E}.RelWithDebInfo|x64.ActiveCfg = Release|x64
		{C53214B9-EEE2-4416-ABC0-92AE8571A62E}.RelWithDebInfo|x64.Build.0 = Release|x64
		{C53214B9-EEE2-4416-ABC0-92AE8571A62E}.RelWithDebInfo|x86.ActiveCfg = Release|Win32
		{C53214B9-EEE2-4416-ABC0-92AE8571A62E}.RelWithDebInfo|x86.Build.0 = Release|Win32
		{664E6F0D-6784-4760-9565-D54F8EB1EDF4}.Debug|x64.ActiveCfg = Debug|x64
		{664E6F0D-6784-4760-9565-D54F8EB1EDF4}.Debug|x64.Build.0 = Debug|x64
		{664E6F0D-6784-4760-9565-D54F8EB1EDF4}.Debug|x86.ActiveCfg = Debug|Win32
		{664E6F0D-6784-4760-9565-D54F8EB1EDF4}.Debug|x86.Build.0 = Debug|Win32
		{664E6F0D-6784-4760-9565-D54F8EB1EDF4}.MinSizeRel|x64.ActiveCfg = Release|x64
		{664E6F0D-6784-4760-9565-D54F8EB1EDF4}.MinSizeRel|x64.Build.0 = Release|x64
		{664E6F0D-6784-4760-9565-D54F8EB1EDF4}.MinSizeRel|x86.ActiveCfg = Release|Win32
		{664E6F0D-6784-4760-9565-D54F8EB1EDF4}.MinSizeRel|x86.Build.0 = Release|Win32
		{664E6F0D-6784-4760-9565-D54F8EB1EDF4}.Release|x64.ActiveCfg = Release|x64
		{664E6F0D-6784-4760-9565-D54F8EB1EDF4}.Release|x64.Build.0 = Release|x64
		{664E6F0D-6784-4760-9565-D54F8EB1EDF4}.Release|x86.ActiveCfg = Release|Win32
		{664E6F0D-6784-4760-9565-D54F8EB1EDF4}.Release|x86.Build.0 = Release|Win32
		{664E6F0D-6784-4760-9565-D54F8EB1EDF4}.RelWithDebInfo|x64.ActiveCfg = Release|x64
		{664E6F0D-6784-4760-9565-D54F8EB1EDF4}.RelWithDebInfo|x64.Build.0 = Release|x64
		{664E6F0D-6784-4760-9565-D54F8EB1EDF4}.RelWithDebInfo|x86.ActiveCfg = Release|Win32
		{664E6F0D-6784-4760-9565-D54F8EB1EDF4}.RelWithDebInfo|x86.Build.0 = Release|Win32
		{55AE3D72-7DE6-F19F-AEF2-9AE8CA26CF3D}.Debug|x64.ActiveCfg = Debug|x64
		{55AE3D72-7DE6-F19F-AEF2-9AE8CA26CF3D}.Debug|x64.Build.0 = Debug|x64
		{55AE3D72-7DE6-F19F-AEF2-9AE8CA26CF3D}.Debug|x86.ActiveCfg = Debug|Win32
		{55AE3D72-7DE6-F19F-AEF2-9AE8CA26CF3D}.Debug|x86.Build.0 = Debug|Win32
		{55AE3D72-7DE6-F19F-AEF2-9AE8CA26CF3D}.MinSizeRel|x64.ActiveCfg = Release|x64
		{55AE3D72-7DE6-F19F-AEF2-9AE8CA26CF3D}.MinSizeRel|x64.Build.0 = Release|x64
		{55AE3D72-7DE6-F19F-AEF2-9AE8CA26CF3D}.MinSizeRel|x86.ActiveCfg = Release|Win32
		{55AE3D72-7DE6-F19F-AEF2-9AE8CA26CF3D}.MinSizeRel|x86.Build.0 = Release|Win32
		{55AE3D72-7DE6-F19F-AEF2-9AE8CA26CF3D}.Release|x64.ActiveCfg = Release|x64
		{55AE3D72-7DE6-F19F-AEF2-9AE8CA26CF3D}.Release|x64.Build.0 = Release|x64
		{55AE3D72-7DE6-F19F-AEF2-9AE8CA26CF3D}.Release|x86.ActiveCfg = Release|Win32
		{55AE3D72-7DE6-F19F-AEF2-9AE8CA26CF3D}.Release|x86.Build.0 = Release|Win32
		{55AE3D72-7DE6-F19F-AEF2-9AE8CA26CF3D}.RelWithDebInfo|x64.ActiveCfg = Release|x64
		{55AE3D72-7DE6-F19F-AEF2-9AE8CA26CF3D}.RelWithDebInfo|x64.Build.0 = Release|x64
		{55AE3D72-7DE6-F19F-AEF2-9AE8CA26CF3D}.RelWithDebInfo|x86.ActiveCfg = Release|Win32
		{55AE3D72-7DE6-F19F-AEF2-9AE8CA26CF3D}.RelWithDebInfo|x86.Build.0 = Release|Win32
	EndGlobalSection
	GlobalSection(SolutionProperties) = preSolution
		HideSolutionNode = FALSE
	EndGlobalSection
	GlobalSection(NestedProjects) = preSolution
		{2EA8384B-98D6-4F9C-B5DA-19F65D82E6DD} = {2BCF0B0F-DB7C-4A9A-B71B-EEF311C0D171}
		{DF04C24D-B812-4EF7-B065-AD5A5EF9196A} = {2BCF0B0F-DB7C-4A9A-B71B-EEF311C0D171}
		{89DAE6FE-1F28-3205-A9C9-B7B66B766D9A} = {807F9AC6-9C22-494F-BF98-FF6D68C0E46E}
		{807F9AC6-9C22-494F-BF98-FF6D68C0E46E} = {2EA8384B-98D6-4F9C-B5DA-19F65D82E6DD}
		{7D20FF27-CA27-4E3D-891F-F4774B16D998} = {2EA8384B-98D6-4F9C-B5DA-19F65D82E6DD}
		{37176930-1BEF-3524-A459-0C7BF69CAEC2} = {7D20FF27-CA27-4E3D-891F-F4774B16D998}
		{C53214B9-EEE2-4416-ABC0-92AE8571A62E} = {A84362C2-1304-4C64-B0BE-16BCFB4143A6}
		{664E6F0D-6784-4760-9565-D54F8EB1EDF4} = {DF04C24D-B812-4EF7-B065-AD5A5EF9196A}
		{55AE3D72-7DE6-F19F-AEF2-9AE8CA26CF3D} = {DF04C24D-B812-4EF7-B065-AD5A5EF9196A}
	EndGlobalSection
	GlobalSection(ExtensibilityGlobals) = postSolution
		SolutionGuid = {B7487395-993A-4049-9805-8B920E6CCAB0}
	EndGlobalSection
EndGlobal
